# THIS IS AN AUTOGENERATED FILE. DO NOT EDIT THIS FILE DIRECTLY.
# yarn lockfile v1


"@jridgewell/gen-mapping@^0.3.0":
  version "0.3.3"
  dependencies:
    "@jridgewell/set-array" "^1.0.1"
    "@jridgewell/sourcemap-codec" "^1.4.10"
    "@jridgewell/trace-mapping" "^0.3.9"

"@jridgewell/resolve-uri@^3.1.0":
  version "3.1.1"

"@jridgewell/set-array@^1.0.1":
  version "1.1.2"

"@jridgewell/source-map@^0.3.3":
  version "0.3.5"
  dependencies:
    "@jridgewell/gen-mapping" "^0.3.0"
    "@jridgewell/trace-mapping" "^0.3.9"

"@jridgewell/sourcemap-codec@^1.4.10", "@jridgewell/sourcemap-codec@^1.4.14":
  version "1.4.15"

"@jridgewell/trace-mapping@^0.3.20", "@jridgewell/trace-mapping@^0.3.9":
  version "0.3.20"
  dependencies:
    "@jridgewell/resolve-uri" "^3.1.0"
    "@jridgewell/sourcemap-codec" "^1.4.14"

"@mdx-js/loader@^2.3.0", "@mdx-js/loader@>=0.15.0":
  version "2.3.0"
  resolved "https://registry.npmjs.org/@mdx-js/loader/-/loader-2.3.0.tgz"
  integrity sha512-IqsscXh7Q3Rzb+f5DXYk0HU71PK+WuFsEhf+mSV3fOhpLcEpgsHvTQ2h0T6TlZ5gHOaBeFjkXwB52by7ypMyNg==
  dependencies:
    "@mdx-js/mdx" "^2.0.0"
    source-map "^0.7.0"

"@mdx-js/mdx@^2.0.0":
  version "2.3.0"
  resolved "https://registry.npmjs.org/@mdx-js/mdx/-/mdx-2.3.0.tgz"
  integrity sha512-jLuwRlz8DQfQNiUCJR50Y09CGPq3fLtmtUQfVrj79E0JWu3dvsVcxVIcfhR5h0iXu+/z++zDrYeiJqifRynJkA==
  dependencies:
    "@types/estree-jsx" "^1.0.0"
    "@types/mdx" "^2.0.0"
    estree-util-build-jsx "^2.0.0"
    estree-util-is-identifier-name "^2.0.0"
    estree-util-to-js "^1.1.0"
    estree-walker "^3.0.0"
    hast-util-to-estree "^2.0.0"
    markdown-extensions "^1.0.0"
    periscopic "^3.0.0"
    remark-mdx "^2.0.0"
    remark-parse "^10.0.0"
    remark-rehype "^10.0.0"
    unified "^10.0.0"
    unist-util-position-from-estree "^1.0.0"
    unist-util-stringify-position "^3.0.0"
    unist-util-visit "^4.0.0"
    vfile "^5.0.0"

"@mdx-js/react@^2.3.0", "@mdx-js/react@>=0.15.0":
  version "2.3.0"
  resolved "https://registry.npmjs.org/@mdx-js/react/-/react-2.3.0.tgz"
  integrity sha512-zQH//gdOmuu7nt2oJR29vFhDv88oGPmVw6BggmrHeMI+xgEkp1B2dX9/bMBSYtK0dyLX/aOmesKS09g222K1/g==
  dependencies:
    "@types/mdx" "^2.0.0"
    "@types/react" ">=16"

"@next/mdx@^13.2.4":
  version "13.5.6"
  dependencies:
    source-map "^0.7.0"

"@nodelib/fs.scandir@2.1.5":
  version "2.1.5"
  resolved "https://registry.npmjs.org/@nodelib/fs.scandir/-/fs.scandir-2.1.5.tgz"
  integrity sha512-vq24Bq3ym5HEQm2NKCr3yXDwjc7vTsEThRDnkp2DK9p1uqLR+DHurm/NOTo0KG7HYHU7eppKZj3MyqYuMBf62g==
  dependencies:
    "@nodelib/fs.stat" "2.0.5"
    run-parallel "^1.1.9"

"@nodelib/fs.stat@^2.0.2", "@nodelib/fs.stat@2.0.5":
  version "2.0.5"
  resolved "https://registry.npmjs.org/@nodelib/fs.stat/-/fs.stat-2.0.5.tgz"
  integrity sha512-RkhPPp2zrqDAQA/2jNhnztcPAlv64XdhIp7a7454A5ovI7Bukxgt7MX7udwAu3zg1DcpPU0rz3VV1SeaqvY4+A==

"@nodelib/fs.walk@^1.2.3":
  version "1.2.8"
  resolved "https://registry.npmjs.org/@nodelib/fs.walk/-/fs.walk-1.2.8.tgz"
  integrity sha512-oGB+UxlgWcgQkgwo8GcEGwemoTFt3FIO9ababBmaGwXIoBKZ+GTy0pP185beGg7Llih/NSHSV2XAs1lnznocSg==
  dependencies:
    "@nodelib/fs.scandir" "2.1.5"
    fastq "^1.6.0"

"@types/acorn@^4.0.0":
  version "4.0.6"
  resolved "https://registry.npmjs.org/@types/acorn/-/acorn-4.0.6.tgz"
  integrity sha512-veQTnWP+1D/xbxVrPC3zHnCZRjSrKfhbMUlEA43iMZLu7EsnTtkJklIuwrCPbOi8YkvDQAiW05VQQFvvz9oieQ==
  dependencies:
    "@types/estree" "*"

"@types/debug@^4.0.0":
  version "4.1.12"
  dependencies:
    "@types/ms" "*"

"@types/eslint-scope@^3.7.3":
  version "3.7.7"
  dependencies:
    "@types/eslint" "*"
    "@types/estree" "*"

"@types/eslint@*":
  version "8.56.0"
  dependencies:
    "@types/estree" "*"
    "@types/json-schema" "*"

"@types/estree-jsx@^1.0.0":
  version "1.0.3"
  dependencies:
    "@types/estree" "*"

"@types/estree@*", "@types/estree@^1.0.0":
  version "1.0.5"

"@types/hast@^2.0.0":
  version "2.3.9"
  dependencies:
    "@types/unist" "^2"

"@types/json-schema@*", "@types/json-schema@^7.0.8":
  version "7.0.15"

"@types/mdast@^3.0.0":
  version "3.0.15"
  dependencies:
    "@types/unist" "^2"

"@types/mdx@^2.0.0":
  version "2.0.10"

"@types/ms@*":
  version "0.7.34"

"@types/node@*":
  version "20.10.6"
  dependencies:
    undici-types "~5.26.4"

"@types/prop-types@*":
  version "15.7.11"

"@types/react@>=16":
  version "18.2.46"
  dependencies:
    "@types/prop-types" "*"
    "@types/scheduler" "*"
    csstype "^3.0.2"

"@types/scheduler@*":
  version "0.16.8"

"@types/unist@^2", "@types/unist@^2.0.0":
  version "2.0.10"

"@webassemblyjs/ast@^1.11.5", "@webassemblyjs/ast@1.11.6":
  version "1.11.6"
  dependencies:
    "@webassemblyjs/helper-numbers" "1.11.6"
    "@webassemblyjs/helper-wasm-bytecode" "1.11.6"

"@webassemblyjs/floating-point-hex-parser@1.11.6":
  version "1.11.6"

"@webassemblyjs/helper-api-error@1.11.6":
  version "1.11.6"

"@webassemblyjs/helper-buffer@1.11.6":
  version "1.11.6"

"@webassemblyjs/helper-numbers@1.11.6":
  version "1.11.6"
  dependencies:
    "@webassemblyjs/floating-point-hex-parser" "1.11.6"
    "@webassemblyjs/helper-api-error" "1.11.6"
    "@xtuc/long" "4.2.2"

"@webassemblyjs/helper-wasm-bytecode@1.11.6":
  version "1.11.6"

"@webassemblyjs/helper-wasm-section@1.11.6":
  version "1.11.6"
  dependencies:
    "@webassemblyjs/ast" "1.11.6"
    "@webassemblyjs/helper-buffer" "1.11.6"
    "@webassemblyjs/helper-wasm-bytecode" "1.11.6"
    "@webassemblyjs/wasm-gen" "1.11.6"

"@webassemblyjs/ieee754@1.11.6":
  version "1.11.6"
  dependencies:
    "@xtuc/ieee754" "^1.2.0"

"@webassemblyjs/leb128@1.11.6":
  version "1.11.6"
  dependencies:
    "@xtuc/long" "4.2.2"

"@webassemblyjs/utf8@1.11.6":
  version "1.11.6"

"@webassemblyjs/wasm-edit@^1.11.5":
  version "1.11.6"
  dependencies:
    "@webassemblyjs/ast" "1.11.6"
    "@webassemblyjs/helper-buffer" "1.11.6"
    "@webassemblyjs/helper-wasm-bytecode" "1.11.6"
    "@webassemblyjs/helper-wasm-section" "1.11.6"
    "@webassemblyjs/wasm-gen" "1.11.6"
    "@webassemblyjs/wasm-opt" "1.11.6"
    "@webassemblyjs/wasm-parser" "1.11.6"
    "@webassemblyjs/wast-printer" "1.11.6"

"@webassemblyjs/wasm-gen@1.11.6":
  version "1.11.6"
  dependencies:
    "@webassemblyjs/ast" "1.11.6"
    "@webassemblyjs/helper-wasm-bytecode" "1.11.6"
    "@webassemblyjs/ieee754" "1.11.6"
    "@webassemblyjs/leb128" "1.11.6"
    "@webassemblyjs/utf8" "1.11.6"

"@webassemblyjs/wasm-opt@1.11.6":
  version "1.11.6"
  dependencies:
    "@webassemblyjs/ast" "1.11.6"
    "@webassemblyjs/helper-buffer" "1.11.6"
    "@webassemblyjs/wasm-gen" "1.11.6"
    "@webassemblyjs/wasm-parser" "1.11.6"

"@webassemblyjs/wasm-parser@^1.11.5", "@webassemblyjs/wasm-parser@1.11.6":
  version "1.11.6"
  dependencies:
    "@webassemblyjs/ast" "1.11.6"
    "@webassemblyjs/helper-api-error" "1.11.6"
    "@webassemblyjs/helper-wasm-bytecode" "1.11.6"
    "@webassemblyjs/ieee754" "1.11.6"
    "@webassemblyjs/leb128" "1.11.6"
    "@webassemblyjs/utf8" "1.11.6"

"@webassemblyjs/wast-printer@1.11.6":
  version "1.11.6"
  dependencies:
    "@webassemblyjs/ast" "1.11.6"
    "@xtuc/long" "4.2.2"

"@xtuc/ieee754@^1.2.0":
  version "1.2.0"

"@xtuc/long@4.2.2":
  version "4.2.2"

acorn-import-assertions@^1.9.0:
  version "1.9.0"

acorn-jsx@^5.0.0:
  version "5.3.2"
  resolved "https://registry.npmjs.org/acorn-jsx/-/acorn-jsx-5.3.2.tgz"
  integrity sha512-rq9s+JNhf0IChjtDXxllJ7g41oZk5SlXtp0LHwyA5cejwn7vKmKp4pPri6YEePv2PU65sAsegbXtIinmDFDXgQ==

"acorn@^6.0.0 || ^7.0.0 || ^8.0.0", acorn@^8, acorn@^8.0.0, acorn@^8.7.1, acorn@^8.8.2:
  version "8.11.3"

ajv-keywords@^3.5.2:
  version "3.5.2"

ajv@^6.12.5, ajv@^6.9.1:
  version "6.12.6"
  dependencies:
    fast-deep-equal "^3.1.1"
    fast-json-stable-stringify "^2.0.0"
    json-schema-traverse "^0.4.1"
    uri-js "^4.2.2"

astring@^1.8.0:
  version "1.8.6"

bail@^2.0.0:
  version "2.0.2"
  resolved "https://registry.npmjs.org/bail/-/bail-2.0.2.tgz"
  integrity sha512-0xO6mYd7JB2YesxDKplafRpsiOzPt9V02ddPCLbY1xYGPOX24NTyN50qnUxgCPcSoYMhKpAuBTjQoRZCAkUDRw==

braces@^3.0.2:
  version "3.0.2"
  resolved "https://registry.npmjs.org/braces/-/braces-3.0.2.tgz"
  integrity sha512-b8um+L1RzM3WDSzvhm6gIz1yfTbBt6YTlcEKAvsmqCZZFw46z626lVj9j1yEPW33H5H+lBQpZMP1k8l+78Ha0A==
  dependencies:
    fill-range "^7.0.1"

browserslist@^4.14.5, "browserslist@>= 4.21.0":
  version "4.22.2"
  dependencies:
    caniuse-lite "^1.0.30001565"
    electron-to-chromium "^1.4.601"
    node-releases "^2.0.14"
    update-browserslist-db "^1.0.13"

buffer-from@^1.0.0:
  version "1.1.2"

camelcase-css@^2.0.1:
  version "2.0.1"
  resolved "https://registry.npmjs.org/camelcase-css/-/camelcase-css-2.0.1.tgz"
  integrity sha512-QOSvevhslijgYwRx6Rv7zKdMF8lbRmx+uQGx2+vDc+KI/eBnsy9kit5aj23AgGu3pa4t9AgwbnXWqS+iOY+2aA==

caniuse-lite@^1.0.30001565:
  version "1.0.30001572"

ccount@^2.0.0:
  version "2.0.1"
  resolved "https://registry.npmjs.org/ccount/-/ccount-2.0.1.tgz"
  integrity sha512-eyrF0jiFpY+3drT6383f1qhkbGsLSifNAjA61IUjZjmLCWjItY6LB9ft9YhoDgwfmclB2zhu51Lc7+95b8NRAg==

character-entities-html4@^2.0.0:
  version "2.1.0"
  resolved "https://registry.npmjs.org/character-entities-html4/-/character-entities-html4-2.1.0.tgz"
  integrity sha512-1v7fgQRj6hnSwFpq1Eu0ynr/CDEw0rXo2B61qXrLNdHZmPKgb7fqS1a2JwF0rISo9q77jDI8VMEHoApn8qDoZA==

character-entities-legacy@^3.0.0:
  version "3.0.0"
  resolved "https://registry.npmjs.org/character-entities-legacy/-/character-entities-legacy-3.0.0.tgz"
  integrity sha512-RpPp0asT/6ufRm//AJVwpViZbGM/MkjQFxJccQRHmISF/22NBtsHqAWmL+/pmkPWoIUJdWyeVleTl1wydHATVQ==

character-entities@^2.0.0:
  version "2.0.2"
  resolved "https://registry.npmjs.org/character-entities/-/character-entities-2.0.2.tgz"
  integrity sha512-shx7oQ0Awen/BRIdkjkvz54PnEEI/EjwXDSIZp86/KKdbafHh1Df/RYGBhn4hbe2+uKC9FnT5UCEdyPz3ai9hQ==

character-reference-invalid@^2.0.0:
  version "2.0.1"
  resolved "https://registry.npmjs.org/character-reference-invalid/-/character-reference-invalid-2.0.1.tgz"
  integrity sha512-iBZ4F4wRbyORVsu0jPV7gXkOsGYjGHPmAyv+HiHG8gi5PtC9KI2j1+v8/tlibRvjoWX027ypmG/n0HtO5t7unw==

chrome-trace-event@^1.0.2:
  version "1.0.3"

comma-separated-tokens@^2.0.0:
  version "2.0.3"
  resolved "https://registry.npmjs.org/comma-separated-tokens/-/comma-separated-tokens-2.0.3.tgz"
  integrity sha512-Fu4hJdvzeylCfQPp9SGWidpzrMs7tTrlu6Vb8XGaRGck8QSNZJJp538Wrb60Lax4fPwR64ViY468OIUTbRlGZg==

commander@^2.20.0:
  version "2.20.3"

cssesc@^3.0.0:
  version "3.0.0"
  resolved "https://registry.npmjs.org/cssesc/-/cssesc-3.0.0.tgz"
  integrity sha512-/Tb/JcjK111nNScGob5MNtsntNM1aCNUDipB/TkwZFhyDrrE47SOx/18wF2bbjgc3ZzCSKW1T5nt5EbFoAz/Vg==

csstype@^3.0.2:
  version "3.1.3"

debug@^4.0.0:
  version "4.3.4"
  resolved "https://registry.npmjs.org/debug/-/debug-4.3.4.tgz"
  integrity sha512-PRWFHuSU3eDtQJPvnNY7Jcket1j0t5OuOsFzPPzsekD52Zl8qUfFIPEiswXqIvHWGVHOgX+7G/vCNNhehwxfkQ==
  dependencies:
    ms "2.1.2"

decode-named-character-reference@^1.0.0:
  version "1.0.2"
  resolved "https://registry.npmjs.org/decode-named-character-reference/-/decode-named-character-reference-1.0.2.tgz"
  integrity sha512-O8x12RzrUF8xyVcY0KJowWsmaJxQbmy0/EtnNtHRpsOcT7dFk5W598coHqBVpmWo1oQQfsCqfCmkZN5DJrZVdg==
  dependencies:
    character-entities "^2.0.0"

dequal@^2.0.0:
  version "2.0.3"
  resolved "https://registry.npmjs.org/dequal/-/dequal-2.0.3.tgz"
  integrity sha512-0je+qPKHEMohvfRTCEo3CrPG6cAzAYgmzKyxRiYSSDkS6eGJdyVJm7WaYA5ECaAD9wLB2T4EEeymA5aFVcYXCA==

diff@^5.0.0:
  version "5.1.0"
  resolved "https://registry.npmjs.org/diff/-/diff-5.1.0.tgz"
  integrity sha512-D+mk+qE8VC/PAUrlAU34N+VfXev0ghe5ywmpqrawphmVZc1bEfn56uo9qpyGp1p4xpzOHkSW4ztBd6L7Xx4ACw==

electron-to-chromium@^1.4.601:
  version "1.4.616"

enhanced-resolve@^5.15.0:
  version "5.15.0"
  dependencies:
    graceful-fs "^4.2.4"
    tapable "^2.2.0"

es-module-lexer@^1.2.1:
  version "1.4.1"

escalade@^3.1.1:
  version "3.1.1"

eslint-scope@5.1.1:
  version "5.1.1"
  dependencies:
    esrecurse "^4.3.0"
    estraverse "^4.1.1"

esrecurse@^4.3.0:
  version "4.3.0"
  dependencies:
    estraverse "^5.2.0"

estraverse@^4.1.1:
  version "4.3.0"

estraverse@^5.2.0:
  version "5.3.0"

estree-util-attach-comments@^2.0.0:
  version "2.1.1"
  resolved "https://registry.npmjs.org/estree-util-attach-comments/-/estree-util-attach-comments-2.1.1.tgz"
  integrity sha512-+5Ba/xGGS6mnwFbXIuQiDPTbuTxuMCooq3arVv7gPZtYpjp+VXH/NkHAP35OOefPhNG/UGqU3vt/LTABwcHX0w==
  dependencies:
    "@types/estree" "^1.0.0"

estree-util-build-jsx@^2.0.0:
  version "2.2.2"
  resolved "https://registry.npmjs.org/estree-util-build-jsx/-/estree-util-build-jsx-2.2.2.tgz"
  integrity sha512-m56vOXcOBuaF+Igpb9OPAy7f9w9OIkb5yhjsZuaPm7HoGi4oTOQi0h2+yZ+AtKklYFZ+rPC4n0wYCJCEU1ONqg==
  dependencies:
    "@types/estree-jsx" "^1.0.0"
    estree-util-is-identifier-name "^2.0.0"
    estree-walker "^3.0.0"

estree-util-is-identifier-name@^2.0.0:
  version "2.1.0"
  resolved "https://registry.npmjs.org/estree-util-is-identifier-name/-/estree-util-is-identifier-name-2.1.0.tgz"
  integrity sha512-bEN9VHRyXAUOjkKVQVvArFym08BTWB0aJPppZZr0UNyAqWsLaVfAqP7hbaTJjzHifmB5ebnR8Wm7r7yGN/HonQ==

estree-util-to-js@^1.1.0:
  version "1.2.0"
  resolved "https://registry.npmjs.org/estree-util-to-js/-/estree-util-to-js-1.2.0.tgz"
  integrity sha512-IzU74r1PK5IMMGZXUVZbmiu4A1uhiPgW5hm1GjcOfr4ZzHaMPpLNJjR7HjXiIOzi25nZDrgFTobHTkV5Q6ITjA==
  dependencies:
    "@types/estree-jsx" "^1.0.0"
    astring "^1.8.0"
    source-map "^0.7.0"

estree-util-visit@^1.0.0:
  version "1.2.1"
  resolved "https://registry.npmjs.org/estree-util-visit/-/estree-util-visit-1.2.1.tgz"
  integrity sha512-xbgqcrkIVbIG+lI/gzbvd9SGTJL4zqJKBFttUl5pP27KhAjtMKbX/mQXJ7qgyXpMgVy/zvpm0xoQQaGL8OloOw==
  dependencies:
    "@types/estree-jsx" "^1.0.0"
    "@types/unist" "^2.0.0"

estree-walker@^3.0.0:
  version "3.0.3"
  resolved "https://registry.npmjs.org/estree-walker/-/estree-walker-3.0.3.tgz"
  integrity sha512-7RUKfXgSMMkzt6ZuXmqapOurLGPPfgj6l9uRZ7lRGolvk0y2yocc35LdcxKC5PQZdn2DMqioAQ2NoWcrTKmm6g==
  dependencies:
    "@types/estree" "^1.0.0"

events@^3.2.0:
  version "3.3.0"

extend@^3.0.0:
  version "3.0.2"
  resolved "https://registry.npmjs.org/extend/-/extend-3.0.2.tgz"
  integrity sha512-fjquC59cD7CyW6urNXK0FBufkZcoiGG80wTuPujX590cB5Ttln20E2UB4S/WARVqhXffZl2LNgS+gQdPIIim/g==

fast-deep-equal@^3.1.1:
  version "3.1.3"

fast-glob@^3.2.11:
  version "3.3.2"
  resolved "https://registry.npmjs.org/fast-glob/-/fast-glob-3.3.2.tgz"
  integrity sha512-oX2ruAFQwf/Orj8m737Y5adxDQO0LAB7/S5MnxCdTNDd4p6BsyIVsv9JQsATbTSq8KHRpLwIHbVlUNatxd+1Ow==
  dependencies:
    "@nodelib/fs.stat" "^2.0.2"
    "@nodelib/fs.walk" "^1.2.3"
    glob-parent "^5.1.2"
    merge2 "^1.3.0"
    micromatch "^4.0.4"

fast-json-stable-stringify@^2.0.0:
  version "2.1.0"

fastq@^1.6.0:
  version "1.16.0"
  dependencies:
    reusify "^1.0.4"

fflate@^0.4.1:
  version "0.4.8"

fill-range@^7.0.1:
  version "7.0.1"
  resolved "https://registry.npmjs.org/fill-range/-/fill-range-7.0.1.tgz"
  integrity sha512-qOo9F+dMUmC2Lcb4BbVvnKJxTPjCm+RRpe4gDuGrzkL7mEVl/djYSu2OdQ2Pa302N4oqkSg9ir6jaLWJ2USVpQ==
  dependencies:
    to-regex-range "^5.0.1"

glob-parent@^5.1.2:
  version "5.1.2"
  resolved "https://registry.npmjs.org/glob-parent/-/glob-parent-5.1.2.tgz"
  integrity sha512-AOIgSQCepiJYwP3ARnGx+5VnTu2HBYdzbGP45eLw1vr3zB3vZLeyed1sC9hnbcOc9/SrMyM5RPQrkGz4aS9Zow==
  dependencies:
    is-glob "^4.0.1"

glob-to-regexp@^0.4.1:
  version "0.4.1"

graceful-fs@^4.1.2, graceful-fs@^4.2.4, graceful-fs@^4.2.9:
  version "4.2.11"

has-flag@^4.0.0:
  version "4.0.0"

hast-util-to-estree@^2.0.0:
  version "2.3.3"
  dependencies:
    "@types/estree" "^1.0.0"
    "@types/estree-jsx" "^1.0.0"
    "@types/hast" "^2.0.0"
    "@types/unist" "^2.0.0"
    comma-separated-tokens "^2.0.0"
    estree-util-attach-comments "^2.0.0"
    estree-util-is-identifier-name "^2.0.0"
    hast-util-whitespace "^2.0.0"
    mdast-util-mdx-expression "^1.0.0"
    mdast-util-mdxjs-esm "^1.0.0"
    property-information "^6.0.0"
    space-separated-tokens "^2.0.0"
    style-to-object "^0.4.1"
    unist-util-position "^4.0.0"
    zwitch "^2.0.0"

hast-util-whitespace@^2.0.0:
  version "2.0.1"
  resolved "https://registry.npmjs.org/hast-util-whitespace/-/hast-util-whitespace-2.0.1.tgz"
  integrity sha512-nAxA0v8+vXSBDt3AnRUNjyRIQ0rD+ntpbAp4LnPkumc5M9yUbSMa4XDU9Q6etY4f1Wp4bNgvc1yjiZtsTTrSng==

inline-style-parser@0.1.1:
  version "0.1.1"
  resolved "https://registry.npmjs.org/inline-style-parser/-/inline-style-parser-0.1.1.tgz"
  integrity sha512-7NXolsK4CAS5+xvdj5OMMbI962hU/wvwoxk+LWR9Ek9bVtyuuYScDN6eS0rUm6TxApFpw7CX1o4uJzcd4AyD3Q==

is-alphabetical@^2.0.0:
  version "2.0.1"
  resolved "https://registry.npmjs.org/is-alphabetical/-/is-alphabetical-2.0.1.tgz"
  integrity sha512-FWyyY60MeTNyeSRpkM2Iry0G9hpr7/9kD40mD/cGQEuilcZYS4okz8SN2Q6rLCJ8gbCt6fN+rC+6tMGS99LaxQ==

is-alphanumerical@^2.0.0:
  version "2.0.1"
  resolved "https://registry.npmjs.org/is-alphanumerical/-/is-alphanumerical-2.0.1.tgz"
  integrity sha512-hmbYhX/9MUMF5uh7tOXyK/n0ZvWpad5caBA17GsC6vyuCqaWliRG5K1qS9inmUhEMaOBIW7/whAnSwveW/LtZw==
  dependencies:
    is-alphabetical "^2.0.0"
    is-decimal "^2.0.0"

is-buffer@^2.0.0:
  version "2.0.5"
  resolved "https://registry.npmjs.org/is-buffer/-/is-buffer-2.0.5.tgz"
  integrity sha512-i2R6zNFDwgEHJyQUtJEk0XFi1i0dPFn/oqjK3/vPCcDeJvW5NQ83V8QbicfF1SupOaB0h8ntgBC2YiE7dfyctQ==

is-decimal@^2.0.0:
  version "2.0.1"
  resolved "https://registry.npmjs.org/is-decimal/-/is-decimal-2.0.1.tgz"
  integrity sha512-AAB9hiomQs5DXWcRB1rqsxGUstbRroFOPPVAomNk/3XHR5JyEZChOyTWe2oayKnsSsr/kcGqF+z6yuH6HHpN0A==

is-extglob@^2.1.1:
  version "2.1.1"
  resolved "https://registry.npmjs.org/is-extglob/-/is-extglob-2.1.1.tgz"
  integrity sha512-SbKbANkN603Vi4jEZv49LeVJMn4yGwsbzZworEoyEiutsN3nJYdbO36zfhGJ6QEDpOZIFkDtnq5JRxmvl3jsoQ==

is-glob@^4.0.1:
  version "4.0.3"
  resolved "https://registry.npmjs.org/is-glob/-/is-glob-4.0.3.tgz"
  integrity sha512-xelSayHH36ZgE7ZWhli7pW34hNbNl8Ojv5KVmkJD4hBdD3th8Tfk9vYasLM+mXWOZhFkgZfxhLSnrwRr4elSSg==
  dependencies:
    is-extglob "^2.1.1"

is-hexadecimal@^2.0.0:
  version "2.0.1"
  resolved "https://registry.npmjs.org/is-hexadecimal/-/is-hexadecimal-2.0.1.tgz"
  integrity sha512-DgZQp241c8oO6cA1SbTEWiXeoxV42vlcJxgH+B3hi1AiqqKruZR3ZGF8In3fj4+/y/7rHvlOZLZtgJ/4ttYGZg==

is-number@^7.0.0:
  version "7.0.0"
  resolved "https://registry.npmjs.org/is-number/-/is-number-7.0.0.tgz"
  integrity sha512-41Cifkg6e8TylSpdtTpeLVMqvSBEVzTttHvERD741+pnZ8ANv0004MRL43QKPDlK9cGvNp6NZWZUBlbGXYxxng==

is-plain-obj@^4.0.0:
  version "4.1.0"
  resolved "https://registry.npmjs.org/is-plain-obj/-/is-plain-obj-4.1.0.tgz"
  integrity sha512-+Pgi+vMuUNkJyExiMBt5IlFoMyKnr5zhJ4Uspz58WOhBF5QoIZkFyNHIbBAtHwzVAgk5RtndVNsDRN61/mmDqg==

is-reference@^3.0.0:
  version "3.0.2"
  dependencies:
    "@types/estree" "*"

jest-worker@^27.4.5:
  version "27.5.1"
  dependencies:
    "@types/node" "*"
    merge-stream "^2.0.0"
    supports-color "^8.0.0"

"js-tokens@^3.0.0 || ^4.0.0":
  version "4.0.0"

json-parse-even-better-errors@^2.3.1:
  version "2.3.1"

json-schema-traverse@^0.4.1:
  version "0.4.1"

kleur@^4.0.3:
  version "4.1.5"
  resolved "https://registry.npmjs.org/kleur/-/kleur-4.1.5.tgz"
  integrity sha512-o+NO+8WrRiQEE4/7nwRJhN1HWpVmJm511pBHUxPLtp0BUISzlBplORYSmTclCnJvQq2tKu/sgl3xVpkc7ZWuQQ==

loader-runner@^4.2.0:
  version "4.3.0"

longest-streak@^3.0.0:
  version "3.1.0"
  resolved "https://registry.npmjs.org/longest-streak/-/longest-streak-3.1.0.tgz"
  integrity sha512-9Ri+o0JYgehTaVBBDoMqIl8GXtbWg711O3srftcHhZ0dqnETqLaoIK0x17fUw9rFSlK/0NlsKe0Ahhyl5pXE2g==

loose-envify@^1.1.0:
  version "1.4.0"
  dependencies:
    js-tokens "^3.0.0 || ^4.0.0"

markdown-extensions@^1.0.0:
  version "1.1.1"
  resolved "https://registry.npmjs.org/markdown-extensions/-/markdown-extensions-1.1.1.tgz"
  integrity sha512-WWC0ZuMzCyDHYCasEGs4IPvLyTGftYwh6wIEOULOF0HXcqZlhwRzrK0w2VUlxWA98xnvb/jszw4ZSkJ6ADpM6Q==

mdast-util-definitions@^5.0.0:
  version "5.1.2"
  resolved "https://registry.npmjs.org/mdast-util-definitions/-/mdast-util-definitions-5.1.2.tgz"
  integrity sha512-8SVPMuHqlPME/z3gqVwWY4zVXn8lqKv/pAhC57FuJ40ImXyBpmO5ukh98zB2v7Blql2FiHjHv9LVztSIqjY+MA==
  dependencies:
    "@types/mdast" "^3.0.0"
    "@types/unist" "^2.0.0"
    unist-util-visit "^4.0.0"

mdast-util-from-markdown@^1.0.0, mdast-util-from-markdown@^1.1.0:
  version "1.3.1"
  dependencies:
    "@types/mdast" "^3.0.0"
    "@types/unist" "^2.0.0"
    decode-named-character-reference "^1.0.0"
    mdast-util-to-string "^3.1.0"
    micromark "^3.0.0"
    micromark-util-decode-numeric-character-reference "^1.0.0"
    micromark-util-decode-string "^1.0.0"
    micromark-util-normalize-identifier "^1.0.0"
    micromark-util-symbol "^1.0.0"
    micromark-util-types "^1.0.0"
    unist-util-stringify-position "^3.0.0"
    uvu "^0.5.0"

mdast-util-mdx-expression@^1.0.0:
  version "1.3.2"
  resolved "https://registry.npmjs.org/mdast-util-mdx-expression/-/mdast-util-mdx-expression-1.3.2.tgz"
  integrity sha512-xIPmR5ReJDu/DHH1OoIT1HkuybIfRGYRywC+gJtI7qHjCJp/M9jrmBEJW22O8lskDWm562BX2W8TiAwRTb0rKA==
  dependencies:
    "@types/estree-jsx" "^1.0.0"
    "@types/hast" "^2.0.0"
    "@types/mdast" "^3.0.0"
    mdast-util-from-markdown "^1.0.0"
    mdast-util-to-markdown "^1.0.0"

mdast-util-mdx-jsx@^2.0.0:
  version "2.1.4"
  dependencies:
    "@types/estree-jsx" "^1.0.0"
    "@types/hast" "^2.0.0"
    "@types/mdast" "^3.0.0"
    "@types/unist" "^2.0.0"
    ccount "^2.0.0"
    mdast-util-from-markdown "^1.1.0"
    mdast-util-to-markdown "^1.3.0"
    parse-entities "^4.0.0"
    stringify-entities "^4.0.0"
    unist-util-remove-position "^4.0.0"
    unist-util-stringify-position "^3.0.0"
    vfile-message "^3.0.0"

mdast-util-mdx@^2.0.0:
  version "2.0.1"
  resolved "https://registry.npmjs.org/mdast-util-mdx/-/mdast-util-mdx-2.0.1.tgz"
  integrity sha512-38w5y+r8nyKlGvNjSEqWrhG0w5PmnRA+wnBvm+ulYCct7nsGYhFVb0lljS9bQav4psDAS1eGkP2LMVcZBi/aqw==
  dependencies:
    mdast-util-from-markdown "^1.0.0"
    mdast-util-mdx-expression "^1.0.0"
    mdast-util-mdx-jsx "^2.0.0"
    mdast-util-mdxjs-esm "^1.0.0"
    mdast-util-to-markdown "^1.0.0"

mdast-util-mdxjs-esm@^1.0.0:
  version "1.3.1"
  resolved "https://registry.npmjs.org/mdast-util-mdxjs-esm/-/mdast-util-mdxjs-esm-1.3.1.tgz"
  integrity sha512-SXqglS0HrEvSdUEfoXFtcg7DRl7S2cwOXc7jkuusG472Mmjag34DUDeOJUZtl+BVnyeO1frIgVpHlNRWc2gk/w==
  dependencies:
    "@types/estree-jsx" "^1.0.0"
    "@types/hast" "^2.0.0"
    "@types/mdast" "^3.0.0"
    mdast-util-from-markdown "^1.0.0"
    mdast-util-to-markdown "^1.0.0"

mdast-util-phrasing@^3.0.0:
  version "3.0.1"
  resolved "https://registry.npmjs.org/mdast-util-phrasing/-/mdast-util-phrasing-3.0.1.tgz"
  integrity sha512-WmI1gTXUBJo4/ZmSk79Wcb2HcjPJBzM1nlI/OUWA8yk2X9ik3ffNbBGsU+09BFmXaL1IBb9fiuvq6/KMiNycSg==
  dependencies:
    "@types/mdast" "^3.0.0"
    unist-util-is "^5.0.0"

mdast-util-to-hast@^12.1.0:
  version "12.3.0"
  resolved "https://registry.npmjs.org/mdast-util-to-hast/-/mdast-util-to-hast-12.3.0.tgz"
  integrity sha512-pits93r8PhnIoU4Vy9bjW39M2jJ6/tdHyja9rrot9uujkN7UTU9SDnE6WNJz/IGyQk3XHX6yNNtrBH6cQzm8Hw==
  dependencies:
    "@types/hast" "^2.0.0"
    "@types/mdast" "^3.0.0"
    mdast-util-definitions "^5.0.0"
    micromark-util-sanitize-uri "^1.1.0"
    trim-lines "^3.0.0"
    unist-util-generated "^2.0.0"
    unist-util-position "^4.0.0"
    unist-util-visit "^4.0.0"

mdast-util-to-markdown@^1.0.0, mdast-util-to-markdown@^1.3.0:
  version "1.5.0"
  resolved "https://registry.npmjs.org/mdast-util-to-markdown/-/mdast-util-to-markdown-1.5.0.tgz"
  integrity sha512-bbv7TPv/WC49thZPg3jXuqzuvI45IL2EVAr/KxF0BSdHsU0ceFHOmwQn6evxAh1GaoK/6GQ1wp4R4oW2+LFL/A==
  dependencies:
    "@types/mdast" "^3.0.0"
    "@types/unist" "^2.0.0"
    longest-streak "^3.0.0"
    mdast-util-phrasing "^3.0.0"
    mdast-util-to-string "^3.0.0"
    micromark-util-decode-string "^1.0.0"
    unist-util-visit "^4.0.0"
    zwitch "^2.0.0"

mdast-util-to-string@^3.0.0, mdast-util-to-string@^3.1.0:
  version "3.2.0"
  resolved "https://registry.npmjs.org/mdast-util-to-string/-/mdast-util-to-string-3.2.0.tgz"
  integrity sha512-V4Zn/ncyN1QNSqSBxTrMOLpjr+IKdHl2v3KVLoWmDPscP4r9GcCi71gjgvUV1SFSKh92AjAG4peFuBl2/YgCJg==
  dependencies:
    "@types/mdast" "^3.0.0"

merge-stream@^2.0.0:
  version "2.0.0"

merge2@^1.3.0:
  version "1.4.1"
  resolved "https://registry.npmjs.org/merge2/-/merge2-1.4.1.tgz"
  integrity sha512-8q7VEgMJW4J8tcfVPy8g09NcQwZdbwFEqhe/WZkoIzjn/3TGDwtOCYtXGxA3O8tPzpczCCDgv+P2P5y00ZJOOg==

micromark-core-commonmark@^1.0.0, micromark-core-commonmark@^1.0.1:
  version "1.1.0"
  dependencies:
    decode-named-character-reference "^1.0.0"
    micromark-factory-destination "^1.0.0"
    micromark-factory-label "^1.0.0"
    micromark-factory-space "^1.0.0"
    micromark-factory-title "^1.0.0"
    micromark-factory-whitespace "^1.0.0"
    micromark-util-character "^1.0.0"
    micromark-util-chunked "^1.0.0"
    micromark-util-classify-character "^1.0.0"
    micromark-util-html-tag-name "^1.0.0"
    micromark-util-normalize-identifier "^1.0.0"
    micromark-util-resolve-all "^1.0.0"
    micromark-util-subtokenize "^1.0.0"
    micromark-util-symbol "^1.0.0"
    micromark-util-types "^1.0.1"
    uvu "^0.5.0"

micromark-extension-mdx-expression@^1.0.0:
  version "1.0.8"
  dependencies:
    "@types/estree" "^1.0.0"
    micromark-factory-mdx-expression "^1.0.0"
    micromark-factory-space "^1.0.0"
    micromark-util-character "^1.0.0"
    micromark-util-events-to-acorn "^1.0.0"
    micromark-util-symbol "^1.0.0"
    micromark-util-types "^1.0.0"
    uvu "^0.5.0"

micromark-extension-mdx-jsx@^1.0.0:
  version "1.0.5"
  dependencies:
    "@types/acorn" "^4.0.0"
    "@types/estree" "^1.0.0"
    estree-util-is-identifier-name "^2.0.0"
    micromark-factory-mdx-expression "^1.0.0"
    micromark-factory-space "^1.0.0"
    micromark-util-character "^1.0.0"
    micromark-util-symbol "^1.0.0"
    micromark-util-types "^1.0.0"
    uvu "^0.5.0"
    vfile-message "^3.0.0"

micromark-extension-mdx-md@^1.0.0:
  version "1.0.1"
  dependencies:
    micromark-util-types "^1.0.0"

micromark-extension-mdxjs-esm@^1.0.0:
  version "1.0.5"
  dependencies:
    "@types/estree" "^1.0.0"
    micromark-core-commonmark "^1.0.0"
    micromark-util-character "^1.0.0"
    micromark-util-events-to-acorn "^1.0.0"
    micromark-util-symbol "^1.0.0"
    micromark-util-types "^1.0.0"
    unist-util-position-from-estree "^1.1.0"
    uvu "^0.5.0"
    vfile-message "^3.0.0"

micromark-extension-mdxjs@^1.0.0:
  version "1.0.1"
  dependencies:
    acorn "^8.0.0"
    acorn-jsx "^5.0.0"
    micromark-extension-mdx-expression "^1.0.0"
    micromark-extension-mdx-jsx "^1.0.0"
    micromark-extension-mdx-md "^1.0.0"
    micromark-extension-mdxjs-esm "^1.0.0"
    micromark-util-combine-extensions "^1.0.0"
    micromark-util-types "^1.0.0"

micromark-factory-destination@^1.0.0:
  version "1.1.0"
  dependencies:
    micromark-util-character "^1.0.0"
    micromark-util-symbol "^1.0.0"
    micromark-util-types "^1.0.0"

micromark-factory-label@^1.0.0:
  version "1.1.0"
  dependencies:
    micromark-util-character "^1.0.0"
    micromark-util-symbol "^1.0.0"
    micromark-util-types "^1.0.0"
    uvu "^0.5.0"

micromark-factory-mdx-expression@^1.0.0:
  version "1.0.9"
  dependencies:
    "@types/estree" "^1.0.0"
    micromark-util-character "^1.0.0"
    micromark-util-events-to-acorn "^1.0.0"
    micromark-util-symbol "^1.0.0"
    micromark-util-types "^1.0.0"
    unist-util-position-from-estree "^1.0.0"
    uvu "^0.5.0"
    vfile-message "^3.0.0"

micromark-factory-space@^1.0.0:
  version "1.1.0"
  dependencies:
    micromark-util-character "^1.0.0"
    micromark-util-types "^1.0.0"

micromark-factory-title@^1.0.0:
  version "1.1.0"
  dependencies:
    micromark-factory-space "^1.0.0"
    micromark-util-character "^1.0.0"
    micromark-util-symbol "^1.0.0"
    micromark-util-types "^1.0.0"

micromark-factory-whitespace@^1.0.0:
  version "1.1.0"
  dependencies:
    micromark-factory-space "^1.0.0"
    micromark-util-character "^1.0.0"
    micromark-util-symbol "^1.0.0"
    micromark-util-types "^1.0.0"

micromark-util-character@^1.0.0:
  version "1.2.0"
  dependencies:
    micromark-util-symbol "^1.0.0"
    micromark-util-types "^1.0.0"

micromark-util-chunked@^1.0.0:
  version "1.1.0"
  dependencies:
    micromark-util-symbol "^1.0.0"

micromark-util-classify-character@^1.0.0:
  version "1.1.0"
  dependencies:
    micromark-util-character "^1.0.0"
    micromark-util-symbol "^1.0.0"
    micromark-util-types "^1.0.0"

micromark-util-combine-extensions@^1.0.0:
  version "1.1.0"
  dependencies:
    micromark-util-chunked "^1.0.0"
    micromark-util-types "^1.0.0"

micromark-util-decode-numeric-character-reference@^1.0.0:
  version "1.1.0"
  dependencies:
    micromark-util-symbol "^1.0.0"

micromark-util-decode-string@^1.0.0:
  version "1.1.0"
  dependencies:
    decode-named-character-reference "^1.0.0"
    micromark-util-character "^1.0.0"
    micromark-util-decode-numeric-character-reference "^1.0.0"
    micromark-util-symbol "^1.0.0"

micromark-util-encode@^1.0.0:
  version "1.1.0"

micromark-util-events-to-acorn@^1.0.0:
  version "1.2.3"
  dependencies:
    "@types/acorn" "^4.0.0"
    "@types/estree" "^1.0.0"
    "@types/unist" "^2.0.0"
    estree-util-visit "^1.0.0"
    micromark-util-symbol "^1.0.0"
    micromark-util-types "^1.0.0"
    uvu "^0.5.0"
    vfile-message "^3.0.0"

micromark-util-html-tag-name@^1.0.0:
  version "1.2.0"

micromark-util-normalize-identifier@^1.0.0:
  version "1.1.0"
  dependencies:
    micromark-util-symbol "^1.0.0"

micromark-util-resolve-all@^1.0.0:
  version "1.1.0"
  dependencies:
    micromark-util-types "^1.0.0"

micromark-util-sanitize-uri@^1.0.0, micromark-util-sanitize-uri@^1.1.0:
  version "1.2.0"
  dependencies:
    micromark-util-character "^1.0.0"
    micromark-util-encode "^1.0.0"
    micromark-util-symbol "^1.0.0"

micromark-util-subtokenize@^1.0.0:
  version "1.1.0"
  dependencies:
    micromark-util-chunked "^1.0.0"
    micromark-util-symbol "^1.0.0"
    micromark-util-types "^1.0.0"
    uvu "^0.5.0"

micromark-util-symbol@^1.0.0:
  version "1.1.0"

micromark-util-types@^1.0.0, micromark-util-types@^1.0.1:
  version "1.1.0"

micromark@^3.0.0:
  version "3.2.0"
  dependencies:
    "@types/debug" "^4.0.0"
    debug "^4.0.0"
    decode-named-character-reference "^1.0.0"
    micromark-core-commonmark "^1.0.1"
    micromark-factory-space "^1.0.0"
    micromark-util-character "^1.0.0"
    micromark-util-chunked "^1.0.0"
    micromark-util-combine-extensions "^1.0.0"
    micromark-util-decode-numeric-character-reference "^1.0.0"
    micromark-util-encode "^1.0.0"
    micromark-util-normalize-identifier "^1.0.0"
    micromark-util-resolve-all "^1.0.0"
    micromark-util-sanitize-uri "^1.0.0"
    micromark-util-subtokenize "^1.0.0"
    micromark-util-symbol "^1.0.0"
    micromark-util-types "^1.0.1"
    uvu "^0.5.0"

micromatch@^4.0.4:
  version "4.0.5"
  resolved "https://registry.npmjs.org/micromatch/-/micromatch-4.0.5.tgz"
  integrity sha512-DMy+ERcEW2q8Z2Po+WNXuw3c5YaUSFjAO5GsJqfEl7UjvtIuFKO6ZrKvcItdy98dwFI2N1tg3zNIdKaQT+aNdA==
  dependencies:
    braces "^3.0.2"
    picomatch "^2.3.1"

mime-db@1.52.0:
  version "1.52.0"

mime-types@^2.1.27:
  version "2.1.35"
  dependencies:
    mime-db "1.52.0"

mri@^1.1.0:
  version "1.2.0"
  resolved "https://registry.npmjs.org/mri/-/mri-1.2.0.tgz"
  integrity sha512-tzzskb3bG8LvYGFF/mDTpq3jpI6Q9wc3LEmBaghu+DdCssd1FakN7Bc0hVNmEyGq1bq3RgfkCb3cmQLpNPOroA==

ms@2.1.2:
  version "2.1.2"
  resolved "https://registry.npmjs.org/ms/-/ms-2.1.2.tgz"
  integrity sha512-sGkPx+VjMtmA6MX27oA4FBFELFCZZ4S4XqeGOXCv68tT+jb3vk/RyaKWP0PTKyWtmLSM0b+adUTEvbs1PEaH2w==

nanoid@^3.3.7:
  version "3.3.7"

neo-async@^2.6.2:
  version "2.6.2"

node-releases@^2.0.14:
  version "2.0.14"

parse-entities@^4.0.0:
  version "4.0.1"
  resolved "https://registry.npmjs.org/parse-entities/-/parse-entities-4.0.1.tgz"
  integrity sha512-SWzvYcSJh4d/SGLIOQfZ/CoNv6BTlI6YEQ7Nj82oDVnRpwe/Z/F1EMx42x3JAOwGBlCjeCH0BRJQbQ/opHL17w==
  dependencies:
    "@types/unist" "^2.0.0"
    character-entities "^2.0.0"
    character-entities-legacy "^3.0.0"
    character-reference-invalid "^2.0.0"
    decode-named-character-reference "^1.0.0"
    is-alphanumerical "^2.0.0"
    is-decimal "^2.0.0"
    is-hexadecimal "^2.0.0"

periscopic@^3.0.0:
  version "3.1.0"
  resolved "https://registry.npmjs.org/periscopic/-/periscopic-3.1.0.tgz"
  integrity sha512-vKiQ8RRtkl9P+r/+oefh25C3fhybptkHKCZSPlcXiJux2tJF55GnEj3BVn4A5gKfq9NWWXXrxkHBwVPUfH0opw==
  dependencies:
    "@types/estree" "^1.0.0"
    estree-walker "^3.0.0"
    is-reference "^3.0.0"

picocolors@^1.0.0:
  version "1.0.0"
  resolved "https://registry.npmjs.org/picocolors/-/picocolors-1.0.0.tgz"
  integrity sha512-1fygroTLlHu66zi26VoTDv8yRgm0Fccecssto+MhsZ0D/DGW2sm8E8AjW7NU5VVTRt5GxbeZ5qBuJr+HyLYkjQ==

picomatch@^2.3.1:
  version "2.3.1"
  resolved "https://registry.npmjs.org/picomatch/-/picomatch-2.3.1.tgz"
  integrity sha512-JU3teHTNjmE2VCGFzuY8EXzCDVwEqB2a8fsIvwaStHhAWJEeVd1o1QD80CU6+ZdEXXSLbSsuLwJjkCBWqRQUVA==

postcss-js@^4.0.0:
  version "4.0.1"
  resolved "https://registry.npmjs.org/postcss-js/-/postcss-js-4.0.1.tgz"
  integrity sha512-dDLF8pEO191hJMtlHFPRa8xsizHaM82MLfNkUHdUtVEV3tgTp5oj+8qbEqYM57SLfc74KSbw//4SeJma2LRVIw==
  dependencies:
    camelcase-css "^2.0.1"

postcss-mixins@^9.0.4:
  version "9.0.4"
  resolved "https://registry.npmjs.org/postcss-mixins/-/postcss-mixins-9.0.4.tgz"
  integrity sha512-XVq5jwQJDRu5M1XGkdpgASqLk37OqkH4JCFDXl/Dn7janOJjCTEKL+36cnRVy7bMtoBzALfO7bV7nTIsFnUWLA==
  dependencies:
    fast-glob "^3.2.11"
    postcss-js "^4.0.0"
    postcss-simple-vars "^7.0.0"
    sugarss "^4.0.1"

postcss-nested@^6.0.1:
  version "6.0.1"
  resolved "https://registry.npmjs.org/postcss-nested/-/postcss-nested-6.0.1.tgz"
  integrity sha512-mEp4xPMi5bSWiMbsgoPfcP74lsWLHkQbZc3sY+jWYd65CUwXrUaTp0fmNpa01ZcETKlIgUdFN/MpS2xZtqL9dQ==
  dependencies:
    postcss-selector-parser "^6.0.11"

postcss-preset-mantine@^1.11.0:
  version "1.12.2"
  dependencies:
    postcss-mixins "^9.0.4"
    postcss-nested "^6.0.1"

postcss-selector-parser@^6.0.11:
  version "6.0.15"
  dependencies:
    cssesc "^3.0.0"
    util-deprecate "^1.0.2"

postcss-simple-vars@^7.0.0, postcss-simple-vars@^7.0.1:
  version "7.0.1"
  resolved "https://registry.npmjs.org/postcss-simple-vars/-/postcss-simple-vars-7.0.1.tgz"
  integrity sha512-5GLLXaS8qmzHMOjVxqkk1TZPf1jMqesiI7qLhnlyERalG0sMbHIbJqrcnrpmZdKCLglHnRHoEBB61RtGTsj++A==

postcss@^8.2.1, postcss@^8.2.14, postcss@^8.3.3, postcss@^8.4.21, postcss@^8.4.31, postcss@>=8.0.0:
  version "8.4.32"
  dependencies:
    nanoid "^3.3.7"
    picocolors "^1.0.0"
    source-map-js "^1.0.2"

posthog-js@^1.96.1:
  version "1.96.1"
  dependencies:
    fflate "^0.4.1"

property-information@^6.0.0:
  version "6.4.0"

punycode@^2.1.0:
  version "2.3.1"

queue-microtask@^1.2.2:
  version "1.2.3"
  resolved "https://registry.npmjs.org/queue-microtask/-/queue-microtask-1.2.3.tgz"
  integrity sha512-NuaNSa6flKT5JaSYQzJok04JzTL1CA6aGhv5rfLW3PgqA+M2ChpZQnAC8h8i4ZFkBS8X5RqkDBHA7r4hej3K9A==

randombytes@^2.1.0:
  version "2.1.0"
  dependencies:
    safe-buffer "^5.1.0"

react-hook-form@^7.43.9:
  version "7.49.2"

"react@^16.8.0 || ^17 || ^18", react@>=16:
  version "18.2.0"
  dependencies:
    loose-envify "^1.1.0"

remark-mdx@^2.0.0:
  version "2.3.0"
  resolved "https://registry.npmjs.org/remark-mdx/-/remark-mdx-2.3.0.tgz"
  integrity sha512-g53hMkpM0I98MU266IzDFMrTD980gNF3BJnkyFcmN+dD873mQeD5rdMO3Y2X+x8umQfbSE0PcoEDl7ledSA+2g==
  dependencies:
    mdast-util-mdx "^2.0.0"
    micromark-extension-mdxjs "^1.0.0"

remark-parse@^10.0.0:
  version "10.0.2"
  dependencies:
    "@types/mdast" "^3.0.0"
    mdast-util-from-markdown "^1.0.0"
    unified "^10.0.0"

remark-rehype@^10.0.0:
  version "10.1.0"
  resolved "https://registry.npmjs.org/remark-rehype/-/remark-rehype-10.1.0.tgz"
  integrity sha512-EFmR5zppdBp0WQeDVZ/b66CWJipB2q2VLNFMabzDSGR66Z2fQii83G5gTBbgGEnEEA0QRussvrFHxk1HWGJskw==
  dependencies:
    "@types/hast" "^2.0.0"
    "@types/mdast" "^3.0.0"
    mdast-util-to-hast "^12.1.0"
    unified "^10.0.0"

reusify@^1.0.4:
  version "1.0.4"
  resolved "https://registry.npmjs.org/reusify/-/reusify-1.0.4.tgz"
  integrity sha512-U9nH88a3fc/ekCF1l0/UP1IosiuIjyTh7hBvXVMHYgVcfGvt897Xguj2UOLDeI5BG2m7/uwyaLVT6fbtCwTyzw==

run-parallel@^1.1.9:
  version "1.2.0"
  resolved "https://registry.npmjs.org/run-parallel/-/run-parallel-1.2.0.tgz"
  integrity sha512-5l4VyZR86LZ/lDxZTR6jqL8AFE2S0IFLMP26AbjsLVADxHdhB/c0GUsH+y39UfCi3dzz8OlQuPmnaJOMoDHQBA==
  dependencies:
    queue-microtask "^1.2.2"

sade@^1.7.3:
  version "1.8.1"
  resolved "https://registry.npmjs.org/sade/-/sade-1.8.1.tgz"
  integrity sha512-xal3CZX1Xlo/k4ApwCFrHVACi9fBqJ7V+mwhBsuf/1IOKbBy098Fex+Wa/5QMubw09pSZ/u8EY8PWgevJsXp1A==
  dependencies:
    mri "^1.1.0"

safe-buffer@^5.1.0:
  version "5.2.1"

schema-utils@^3.1.1, schema-utils@^3.2.0:
  version "3.3.0"
  dependencies:
    "@types/json-schema" "^7.0.8"
    ajv "^6.12.5"
    ajv-keywords "^3.5.2"

serialize-javascript@^6.0.1:
  version "6.0.1"
  dependencies:
    randombytes "^2.1.0"

source-map-js@^1.0.2:
  version "1.0.2"
  resolved "https://registry.npmjs.org/source-map-js/-/source-map-js-1.0.2.tgz"
  integrity sha512-R0XvVJ9WusLiqTCEiGCmICCMplcCkIwwR11mOSD9CR5u+IXYdiseeEuXCVAjS54zqwkLcPNnmU4OeJ6tUrWhDw==

source-map-support@~0.5.20:
  version "0.5.21"
  dependencies:
    buffer-from "^1.0.0"
    source-map "^0.6.0"

source-map@^0.6.0:
  version "0.6.1"

source-map@^0.7.0:
  version "0.7.4"
  resolved "https://registry.npmjs.org/source-map/-/source-map-0.7.4.tgz"
  integrity sha512-l3BikUxvPOcn5E74dZiq5BGsTb5yEwhaTSzccU6t4sDOH8NWJCstKO5QT2CvtFoK6F0saL7p9xHAqHOlCPJygA==

space-separated-tokens@^2.0.0:
  version "2.0.2"
  resolved "https://registry.npmjs.org/space-separated-tokens/-/space-separated-tokens-2.0.2.tgz"
  integrity sha512-PEGlAwrG8yXGXRjW32fGbg66JAlOAwbObuqVoJpv/mRgoWDQfgH1wDPvtzWyUSNAXBGSk8h755YDbbcEy3SH2Q==

stringify-entities@^4.0.0:
  version "4.0.3"
  resolved "https://registry.npmjs.org/stringify-entities/-/stringify-entities-4.0.3.tgz"
  integrity sha512-BP9nNHMhhfcMbiuQKCqMjhDP5yBCAxsPu4pHFFzJ6Alo9dZgY4VLDPutXqIjpRiMoKdp7Av85Gr73Q5uH9k7+g==
  dependencies:
    character-entities-html4 "^2.0.0"
    character-entities-legacy "^3.0.0"

style-to-object@^0.4.1:
  version "0.4.4"
  dependencies:
    inline-style-parser "0.1.1"

sugarss@^4.0.1:
  version "4.0.1"
  resolved "https://registry.npmjs.org/sugarss/-/sugarss-4.0.1.tgz"
  integrity sha512-WCjS5NfuVJjkQzK10s8WOBY+hhDxxNt/N6ZaGwxFZ+wN3/lKKFSaaKUNecULcTTvE4urLcKaZFQD8vO0mOZujw==

supports-color@^8.0.0:
  version "8.1.1"
  dependencies:
    has-flag "^4.0.0"

tapable@^2.1.1, tapable@^2.2.0:
  version "2.2.1"

terser-webpack-plugin@^5.3.7:
  version "5.3.10"
  dependencies:
    "@jridgewell/trace-mapping" "^0.3.20"
    jest-worker "^27.4.5"
    schema-utils "^3.1.1"
    serialize-javascript "^6.0.1"
    terser "^5.26.0"

terser@^5.26.0:
  version "5.26.0"
  dependencies:
    "@jridgewell/source-map" "^0.3.3"
    acorn "^8.8.2"
    commander "^2.20.0"
    source-map-support "~0.5.20"

to-regex-range@^5.0.1:
  version "5.0.1"
  resolved "https://registry.npmjs.org/to-regex-range/-/to-regex-range-5.0.1.tgz"
  integrity sha512-65P7iz6X5yEr1cwcgvQxbbIw7Uk3gOy5dIdtZ4rDveLqhrdJP+Li/Hx6tyK0NEb+2GCyneCMJiGqrADCSNk8sQ==
  dependencies:
    is-number "^7.0.0"

trim-lines@^3.0.0:
  version "3.0.1"
  resolved "https://registry.npmjs.org/trim-lines/-/trim-lines-3.0.1.tgz"
  integrity sha512-kRj8B+YHZCc9kQYdWfJB2/oUl9rA99qbowYYBtr4ui4mZyAQ2JpvVBd/6U2YloATfqBhBTSMhTpgBHtU0Mf3Rg==

trough@^2.0.0:
  version "2.1.0"
  resolved "https://registry.npmjs.org/trough/-/trough-2.1.0.tgz"
  integrity sha512-AqTiAOLcj85xS7vQ8QkAV41hPDIJ71XJB4RCUrzo/1GM2CQwhkJGaf9Hgr7BOugMRpgGUrqRg/DrBDl4H40+8g==

undici-types@~5.26.4:
  version "5.26.5"

unified@^10.0.0:
  version "10.1.2"
  resolved "https://registry.npmjs.org/unified/-/unified-10.1.2.tgz"
  integrity sha512-pUSWAi/RAnVy1Pif2kAoeWNBa3JVrx0MId2LASj8G+7AiHWoKZNTomq6LG326T68U7/e263X6fTdcXIy7XnF7Q==
  dependencies:
    "@types/unist" "^2.0.0"
    bail "^2.0.0"
    extend "^3.0.0"
    is-buffer "^2.0.0"
    is-plain-obj "^4.0.0"
    trough "^2.0.0"
    vfile "^5.0.0"

unist-util-generated@^2.0.0:
  version "2.0.1"
  resolved "https://registry.npmjs.org/unist-util-generated/-/unist-util-generated-2.0.1.tgz"
  integrity sha512-qF72kLmPxAw0oN2fwpWIqbXAVyEqUzDHMsbtPvOudIlUzXYFIeQIuxXQCRCFh22B7cixvU0MG7m3MW8FTq/S+A==

unist-util-is@^5.0.0:
  version "5.2.1"
  resolved "https://registry.npmjs.org/unist-util-is/-/unist-util-is-5.2.1.tgz"
  integrity sha512-u9njyyfEh43npf1M+yGKDGVPbY/JWEemg5nH05ncKPfi+kBbKBJoTdsogMu33uhytuLlv9y0O7GH7fEdwLdLQw==
  dependencies:
    "@types/unist" "^2.0.0"

unist-util-position-from-estree@^1.0.0, unist-util-position-from-estree@^1.1.0:
  version "1.1.2"
  resolved "https://registry.npmjs.org/unist-util-position-from-estree/-/unist-util-position-from-estree-1.1.2.tgz"
  integrity sha512-poZa0eXpS+/XpoQwGwl79UUdea4ol2ZuCYguVaJS4qzIOMDzbqz8a3erUCOmubSZkaOuGamb3tX790iwOIROww==
  dependencies:
    "@types/unist" "^2.0.0"

unist-util-position@^4.0.0:
  version "4.0.4"
  resolved "https://registry.npmjs.org/unist-util-position/-/unist-util-position-4.0.4.tgz"
  integrity sha512-kUBE91efOWfIVBo8xzh/uZQ7p9ffYRtUbMRZBNFYwf0RK8koUMx6dGUfwylLOKmaT2cs4wSW96QoYUSXAyEtpg==
  dependencies:
    "@types/unist" "^2.0.0"

unist-util-remove-position@^4.0.0:
  version "4.0.2"
  resolved "https://registry.npmjs.org/unist-util-remove-position/-/unist-util-remove-position-4.0.2.tgz"
  integrity sha512-TkBb0HABNmxzAcfLf4qsIbFbaPDvMO6wa3b3j4VcEzFVaw1LBKwnW4/sRJ/atSLSzoIg41JWEdnE7N6DIhGDGQ==
  dependencies:
    "@types/unist" "^2.0.0"
    unist-util-visit "^4.0.0"

unist-util-stringify-position@^3.0.0:
  version "3.0.3"
  resolved "https://registry.npmjs.org/unist-util-stringify-position/-/unist-util-stringify-position-3.0.3.tgz"
  integrity sha512-k5GzIBZ/QatR8N5X2y+drfpWG8IDBzdnVj6OInRNWm1oXrzydiaAT2OQiA8DPRRZyAKb9b6I2a6PxYklZD0gKg==
  dependencies:
    "@types/unist" "^2.0.0"

unist-util-visit-parents@^5.1.1:
  version "5.1.3"
  resolved "https://registry.npmjs.org/unist-util-visit-parents/-/unist-util-visit-parents-5.1.3.tgz"
  integrity sha512-x6+y8g7wWMyQhL1iZfhIPhDAs7Xwbn9nRosDXl7qoPTSCy0yNxnKc+hWokFifWQIDGi154rdUqKvbCa4+1kLhg==
  dependencies:
    "@types/unist" "^2.0.0"
    unist-util-is "^5.0.0"

unist-util-visit@^4.0.0:
  version "4.1.2"
  resolved "https://registry.npmjs.org/unist-util-visit/-/unist-util-visit-4.1.2.tgz"
  integrity sha512-MSd8OUGISqHdVvfY9TPhyK2VdUrPgxkUtWSuMHF6XAAFuL4LokseigBnZtPnJMu+FbynTkFNnFlyjxpVKujMRg==
  dependencies:
    "@types/unist" "^2.0.0"
    unist-util-is "^5.0.0"
    unist-util-visit-parents "^5.1.1"

update-browserslist-db@^1.0.13:
  version "1.0.13"
  dependencies:
    escalade "^3.1.1"
    picocolors "^1.0.0"

uri-js@^4.2.2:
  version "4.4.1"
  dependencies:
    punycode "^2.1.0"

util-deprecate@^1.0.2:
  version "1.0.2"
  resolved "https://registry.npmjs.org/util-deprecate/-/util-deprecate-1.0.2.tgz"
  integrity sha512-EPD5q1uXyFxJpCrLnCc1nHnq3gOa6DZBocAIiI2TaSCA7VCJ1UJDMagCzIkXNsUYfD1daK//LTEQ8xiIbrHtcw==

uvu@^0.5.0:
  version "0.5.6"
  resolved "https://registry.npmjs.org/uvu/-/uvu-0.5.6.tgz"
  integrity sha512-+g8ENReyr8YsOc6fv/NVJs2vFdHBnBNdfE49rshrTzDWOlUx4Gq7KOS2GD8eqhy2j+Ejq29+SbKH8yjkAqXqoA==
  dependencies:
    dequal "^2.0.0"
    diff "^5.0.0"
    kleur "^4.0.3"
    sade "^1.7.3"

vfile-message@^3.0.0:
  version "3.1.4"
  resolved "https://registry.npmjs.org/vfile-message/-/vfile-message-3.1.4.tgz"
  integrity sha512-fa0Z6P8HUrQN4BZaX05SIVXic+7kE3b05PWAtPuYP9QLHsLKYR7/AlLW3NtOrpXRLeawpDLMsVkmk5DG0NXgWw==
  dependencies:
    "@types/unist" "^2.0.0"
    unist-util-stringify-position "^3.0.0"

vfile@^5.0.0:
  version "5.3.7"
  resolved "https://registry.npmjs.org/vfile/-/vfile-5.3.7.tgz"
  integrity sha512-r7qlzkgErKjobAmyNIkkSpizsFPYiUPuJb5pNW1RB4JcYVZhs4lIbVqk8XPk033CV/1z8ss5pkax8SuhGpcG8g==
  dependencies:
    "@types/unist" "^2.0.0"
    is-buffer "^2.0.0"
    unist-util-stringify-position "^3.0.0"
    vfile-message "^3.0.0"

watchpack@^2.4.0:
  version "2.4.0"
  dependencies:
    glob-to-regexp "^0.4.1"
    graceful-fs "^4.1.2"

webpack-sources@^3.2.3:
  version "3.2.3"

webpack@^5.1.0, webpack@>=4:
  version "5.89.0"
  dependencies:
    "@types/eslint-scope" "^3.7.3"
    "@types/estree" "^1.0.0"
    "@webassemblyjs/ast" "^1.11.5"
    "@webassemblyjs/wasm-edit" "^1.11.5"
    "@webassemblyjs/wasm-parser" "^1.11.5"
    acorn "^8.7.1"
    acorn-import-assertions "^1.9.0"
    browserslist "^4.14.5"
    chrome-trace-event "^1.0.2"
    enhanced-resolve "^5.15.0"
    es-module-lexer "^1.2.1"
    eslint-scope "5.1.1"
    events "^3.2.0"
    glob-to-regexp "^0.4.1"
    graceful-fs "^4.2.9"
    json-parse-even-better-errors "^2.3.1"
    loader-runner "^4.2.0"
    mime-types "^2.1.27"
    neo-async "^2.6.2"
    schema-utils "^3.2.0"
    tapable "^2.1.1"
    terser-webpack-plugin "^5.3.7"
    watchpack "^2.4.0"
    webpack-sources "^3.2.3"

zwitch@^2.0.0:
  version "2.0.4"
  resolved "https://registry.npmjs.org/zwitch/-/zwitch-2.0.4.tgz"
  integrity sha512-bXE4cR/kVZhKZX/RjPEflHaKVhUVl85noU3v6b8apfQEc1x4A+zBxjZ4lN8LqGd6WZ3dl98pY4o717VFmoPp+A==
